
Microsoft Visual Studio Solution File, Format Version 12.00
# Visual Studio Version 17
VisualStudioVersion = 17.3.32929.385
MinimumVisualStudioVersion = 10.0.40219.1
Project("{FAE04EC0-301F-11D3-BF4B-00C04F79EFBC}") = "WeChar-GoodMorning", "WeChar-GoodMorning.csproj", "{A1E71082-DA77-4ADC-8630-A10AB804D403}"
EndProject
Global
	GlobalSection(SolutionConfigurationPlatforms) = preSolution
		Debug|Any CPU = Debug|Any CPU
		Release|Any CPU = Release|Any CPU
	EndGlobalSection
	GlobalSection(ProjectConfigurationPlatforms) = postSolution
		{A1E71082-DA77-4ADC-8630-A10AB804D403}.Debug|Any CPU.ActiveCfg = Debug|Any CPU
		{A1E71082-DA77-4ADC-8630-A10AB804D403}.Debug|Any CPU.Build.0 = Debug|Any CPU
		{A1E71082-DA77-4ADC-8630-A10AB804D403}.Release|Any CPU.ActiveCfg = Release|Any CPU
		{A1E71082-DA77-4ADC-8630-A10AB804D403}.Release|Any CPU.Build.0 = Release|Any CPU
	EndGlobalSection
	GlobalSection(SolutionProperties) = preSolution
		HideSolutionNode = FALSE
	EndGlobalSection
	GlobalSection(ExtensibilityGlobals) = postSolution
		SolutionGuid = {E9E50E68-C044-4A01-A0A6-A925EC2E1C74}
	EndGlobalSection
EndGlobal
